
Microsoft Visual Studio Solution File, Format Version 12.00
# Visual Studio Version 17
VisualStudioVersion = 17.4.33122.133
MinimumVisualStudioVersion = 10.0.40219.1
Project("{FAE04EC0-301F-11D3-BF4B-00C04F79EFBC}") = "MyDevopsApp", "MyDevopsApp.csproj", "{8F6149D5-24A7-4648-B97E-0975F884D9CD}"
EndProject
Global
	GlobalSection(SolutionConfigurationPlatforms) = preSolution
		Debug|Any CPU = Debug|Any CPU
		Release|Any CPU = Release|Any CPU
	EndGlobalSection
	GlobalSection(ProjectConfigurationPlatforms) = postSolution
		{8F6149D5-24A7-4648-B97E-0975F884D9CD}.Debug|Any CPU.ActiveCfg = Debug|Any CPU
		{8F6149D5-24A7-4648-B97E-0975F884D9CD}.Debug|Any CPU.Build.0 = Debug|Any CPU
		{8F6149D5-24A7-4648-B97E-0975F884D9CD}.Release|Any CPU.ActiveCfg = Release|Any CPU
		{8F6149D5-24A7-4648-B97E-0975F884D9CD}.Release|Any CPU.Build.0 = Release|Any CPU
	EndGlobalSection
	GlobalSection(SolutionProperties) = preSolution
		HideSolutionNode = FALSE
	EndGlobalSection
	GlobalSection(ExtensibilityGlobals) = postSolution
		SolutionGuid = {8FC8EF18-80C4-4E28-ACDC-1CD8EA1C4477}
	EndGlobalSection
EndGlobal
